
Microsoft Visual Studio Solution File, Format Version 12.00
# Visual Studio Version 17
VisualStudioVersion = 17.4.33110.190
MinimumVisualStudioVersion = 10.0.40219.1
Project("{F184B08F-C81C-45F6-A57F-5ABD9991F28F}") = "VisualBasic", "VisualBasic\VisualBasic.vbproj", "{6DAAFFF8-C5A0-4CD2-B7FC-666E79F846D6}"
EndProject
Global
	GlobalSection(SolutionConfigurationPlatforms) = preSolution
		Debug|Any CPU = Debug|Any CPU
		Release|Any CPU = Release|Any CPU
	EndGlobalSection
	GlobalSection(ProjectConfigurationPlatforms) = postSolution
		{6DAAFFF8-C5A0-4CD2-B7FC-666E79F846D6}.Debug|Any CPU.ActiveCfg = Debug|Any CPU
		{6DAAFFF8-C5A0-4CD2-B7FC-666E79F846D6}.Debug|Any CPU.Build.0 = Debug|Any CPU
		{6DAAFFF8-C5A0-4CD2-B7FC-666E79F846D6}.Release|Any CPU.ActiveCfg = Release|Any CPU
		{6DAAFFF8-C5A0-4CD2-B7FC-666E79F846D6}.Release|Any CPU.Build.0 = Release|Any CPU
	EndGlobalSection
	GlobalSection(SolutionProperties) = preSolution
		HideSolutionNode = FALSE
	EndGlobalSection
	GlobalSection(ExtensibilityGlobals) = postSolution
		SolutionGuid = {FA590DA7-D57F-4266-AF01-4AB5E553DD97}
	EndGlobalSection
EndGlobal
